
Microsoft Visual Studio Solution File, Format Version 12.00
# Visual Studio Version 17
VisualStudioVersion = 17.3.32825.248
MinimumVisualStudioVersion = 10.0.40219.1
Project("{9A19103F-16F7-4668-BE54-9A1E7A4F7556}") = "WinFormsApp1", "WinFormsApp1.csproj", "{16F9E0ED-2AA2-460D-B1E6-70778276900C}"
EndProject
Project("{2150E333-8FDC-42A3-9474-1A3956D46DE8}") = "Элементы решения", "Элементы решения", "{29C9160E-E72B-4441-9BE7-E21234F43607}"
EndProject
Global
	GlobalSection(SolutionConfigurationPlatforms) = preSolution
		Debug|Any CPU = Debug|Any CPU
		Release|Any CPU = Release|Any CPU
	EndGlobalSection
	GlobalSection(ProjectConfigurationPlatforms) = postSolution
		{16F9E0ED-2AA2-460D-B1E6-70778276900C}.Debug|Any CPU.ActiveCfg = Debug|Any CPU
		{16F9E0ED-2AA2-460D-B1E6-70778276900C}.Debug|Any CPU.Build.0 = Debug|Any CPU
		{16F9E0ED-2AA2-460D-B1E6-70778276900C}.Release|Any CPU.ActiveCfg = Release|Any CPU
		{16F9E0ED-2AA2-460D-B1E6-70778276900C}.Release|Any CPU.Build.0 = Release|Any CPU
	EndGlobalSection
	GlobalSection(SolutionProperties) = preSolution
		HideSolutionNode = FALSE
	EndGlobalSection
	GlobalSection(ExtensibilityGlobals) = postSolution
		SolutionGuid = {B0509F41-D164-4208-8FFE-1FEEF36FCF49}
	EndGlobalSection
EndGlobal
